
Microsoft Visual Studio Solution File, Format Version 12.00
# Visual Studio Version 17
VisualStudioVersion = 17.4.33122.133
MinimumVisualStudioVersion = 10.0.40219.1
Project("{9A19103F-16F7-4668-BE54-9A1E7A4F7556}") = "Qz.Infra.Database", "Qz.Infra.Database\Qz.Infra.Database.csproj", "{B16BDA0E-DF00-4ED5-B438-6B472DBCEF71}"
EndProject
Project("{9A19103F-16F7-4668-BE54-9A1E7A4F7556}") = "Qz.Infra.Database.SQLite", "Qz.Infra.Database.SQLite\Qz.Infra.Database.SQLite.csproj", "{AD39AB2E-D7F2-420A-9ED1-D7F1D4DA5DBC}"
EndProject
Project("{9A19103F-16F7-4668-BE54-9A1E7A4F7556}") = "TestProject", "TestProject\TestProject.csproj", "{5B36F041-7060-4CFF-A10B-F95581D35622}"
EndProject
Project("{9A19103F-16F7-4668-BE54-9A1E7A4F7556}") = "Qz.Infra.Database.MySql", "Qz.Infra.Database.MySql\Qz.Infra.Database.MySql.csproj", "{7AABDC07-8060-46F1-9E82-C5542BACEA20}"
EndProject
Project("{9A19103F-16F7-4668-BE54-9A1E7A4F7556}") = "Qz.Infra.Database.SqlServer", "Qz.Infra.Database.SqlServer\Qz.Infra.Database.SqlServer.csproj", "{53977139-2262-4AA8-B4A2-1450468FD1BC}"
EndProject
Project("{FAE04EC0-301F-11D3-BF4B-00C04F79EFBC}") = "Qz.Infra.Database.Oracle", "Qz.Infra.Database.Oracle\Qz.Infra.Database.Oracle.csproj", "{D9051FDC-4122-4354-B604-61CECBDD3ECF}"
EndProject
Global
	GlobalSection(SolutionConfigurationPlatforms) = preSolution
		Debug|Any CPU = Debug|Any CPU
		Release|Any CPU = Release|Any CPU
	EndGlobalSection
	GlobalSection(ProjectConfigurationPlatforms) = postSolution
		{B16BDA0E-DF00-4ED5-B438-6B472DBCEF71}.Debug|Any CPU.ActiveCfg = Debug|Any CPU
		{B16BDA0E-DF00-4ED5-B438-6B472DBCEF71}.Debug|Any CPU.Build.0 = Debug|Any CPU
		{B16BDA0E-DF00-4ED5-B438-6B472DBCEF71}.Release|Any CPU.ActiveCfg = Release|Any CPU
		{B16BDA0E-DF00-4ED5-B438-6B472DBCEF71}.Release|Any CPU.Build.0 = Release|Any CPU
		{AD39AB2E-D7F2-420A-9ED1-D7F1D4DA5DBC}.Debug|Any CPU.ActiveCfg = Debug|Any CPU
		{AD39AB2E-D7F2-420A-9ED1-D7F1D4DA5DBC}.Debug|Any CPU.Build.0 = Debug|Any CPU
		{AD39AB2E-D7F2-420A-9ED1-D7F1D4DA5DBC}.Release|Any CPU.ActiveCfg = Release|Any CPU
		{AD39AB2E-D7F2-420A-9ED1-D7F1D4DA5DBC}.Release|Any CPU.Build.0 = Release|Any CPU
		{5B36F041-7060-4CFF-A10B-F95581D35622}.Debug|Any CPU.ActiveCfg = Debug|Any CPU
		{5B36F041-7060-4CFF-A10B-F95581D35622}.Debug|Any CPU.Build.0 = Debug|Any CPU
		{5B36F041-7060-4CFF-A10B-F95581D35622}.Release|Any CPU.ActiveCfg = Release|Any CPU
		{5B36F041-7060-4CFF-A10B-F95581D35622}.Release|Any CPU.Build.0 = Release|Any CPU
		{7AABDC07-8060-46F1-9E82-C5542BACEA20}.Debug|Any CPU.ActiveCfg = Debug|Any CPU
		{7AABDC07-8060-46F1-9E82-C5542BACEA20}.Debug|Any CPU.Build.0 = Debug|Any CPU
		{7AABDC07-8060-46F1-9E82-C5542BACEA20}.Release|Any CPU.ActiveCfg = Release|Any CPU
		{7AABDC07-8060-46F1-9E82-C5542BACEA20}.Release|Any CPU.Build.0 = Release|Any CPU
		{53977139-2262-4AA8-B4A2-1450468FD1BC}.Debug|Any CPU.ActiveCfg = Debug|Any CPU
		{53977139-2262-4AA8-B4A2-1450468FD1BC}.Debug|Any CPU.Build.0 = Debug|Any CPU
		{53977139-2262-4AA8-B4A2-1450468FD1BC}.Release|Any CPU.ActiveCfg = Release|Any CPU
		{53977139-2262-4AA8-B4A2-1450468FD1BC}.Release|Any CPU.Build.0 = Release|Any CPU
		{D9051FDC-4122-4354-B604-61CECBDD3ECF}.Debug|Any CPU.ActiveCfg = Debug|Any CPU
		{D9051FDC-4122-4354-B604-61CECBDD3ECF}.Debug|Any CPU.Build.0 = Debug|Any CPU
		{D9051FDC-4122-4354-B604-61CECBDD3ECF}.Release|Any CPU.ActiveCfg = Release|Any CPU
		{D9051FDC-4122-4354-B604-61CECBDD3ECF}.Release|Any CPU.Build.0 = Release|Any CPU
	EndGlobalSection
	GlobalSection(SolutionProperties) = preSolution
		HideSolutionNode = FALSE
	EndGlobalSection
	GlobalSection(ExtensibilityGlobals) = postSolution
		SolutionGuid = {BF8CB4C1-EFC7-4B36-9489-EDF53558DFF8}
	EndGlobalSection
EndGlobal
